// !$*UTF8*$!
{
	archiveVersion = 1;
	classes = {
	};
	objectVersion = 46;
	objects = {

/* Begin PBXBuildFile section */
		6D1CF46117D97C9600BC2760 /* Foundation.framework in Frameworks */ = {isa = PBXBuildFile; fileRef = 6D1CF46017D97C9600BC2760 /* Foundation.framework */; };
		6D1CF46317D97C9600BC2760 /* CoreGraphics.framework in Frameworks */ = {isa = PBXBuildFile; fileRef = 6D1CF46217D97C9600BC2760 /* CoreGraphics.framework */; };
		6D1CF46517D97C9600BC2760 /* UIKit.framework in Frameworks */ = {isa = PBXBuildFile; fileRef = 6D1CF46417D97C9600BC2760 /* UIKit.framework */; };
		6D1CF46B17D97C9600BC2760 /* InfoPlist.strings in Resources */ = {isa = PBXBuildFile; fileRef = 6D1CF46917D97C9600BC2760 /* InfoPlist.strings */; };
		6D1CF46D17D97C9600BC2760 /* main.m in Sources */ = {isa = PBXBuildFile; fileRef = 6D1CF46C17D97C9600BC2760 /* main.m */; };
		6D1CF47117D97C9600BC2760 /* AppDelegate.m in Sources */ = {isa = PBXBuildFile; fileRef = 6D1CF47017D97C9600BC2760 /* AppDelegate.m */; };
		6D1CF47417D97C9600BC2760 /* Main.storyboard in Resources */ = {isa = PBXBuildFile; fileRef = 6D1CF47217D97C9600BC2760 /* Main.storyboard */; };
		6D1CF47717D97C9600BC2760 /* ViewController.m in Sources */ = {isa = PBXBuildFile; fileRef = 6D1CF47617D97C9600BC2760 /* ViewController.m */; };
		6D1CF47917D97C9600BC2760 /* Images.xcassets in Resources */ = {isa = PBXBuildFile; fileRef = 6D1CF47817D97C9600BC2760 /* Images.xcassets */; };
		6D1CF48017D97C9600BC2760 /* XCTest.framework in Frameworks */ = {isa = PBXBuildFile; fileRef = 6D1CF47F17D97C9600BC2760 /* XCTest.framework */; };
		6D1CF48117D97C9600BC2760 /* Foundation.framework in Frameworks */ = {isa = PBXBuildFile; fileRef = 6D1CF46017D97C9600BC2760 /* Foundation.framework */; };
		6D1CF48217D97C9600BC2760 /* UIKit.framework in Frameworks */ = {isa = PBXBuildFile; fileRef = 6D1CF46417D97C9600BC2760 /* UIKit.framework */; };
		6D1CF48A17D97C9600BC2760 /* InfoPlist.strings in Resources */ = {isa = PBXBuildFile; fileRef = 6D1CF48817D97C9600BC2760 /* InfoPlist.strings */; };
		6D1CF48C17D97C9600BC2760 /* PerspectiveCollectiveTests.m in Sources */ = {isa = PBXBuildFile; fileRef = 6D1CF48B17D97C9600BC2760 /* PerspectiveCollectiveTests.m */; };
/* End PBXBuildFile section */

/* Begin PBXContainerItemProxy section */
		6D1CF48317D97C9600BC2760 /* PBXContainerItemProxy */ = {
			isa = PBXContainerItemProxy;
			containerPortal = 6D1CF45517D97C9500BC2760 /* Project object */;
			proxyType = 1;
			remoteGlobalIDString = 6D1CF45C17D97C9600BC2760;
			remoteInfo = PerspectiveCollective;
		};
/* End PBXContainerItemProxy section */

/* Begin PBXFileReference section */
		6D1CF45D17D97C9600BC2760 /* PerspectiveCollective.app */ = {isa = PBXFileReference; explicitFileType = wrapper.application; includeInIndex = 0; path = PerspectiveCollective.app; sourceTree = BUILT_PRODUCTS_DIR; };
		6D1CF46017D97C9600BC2760 /* Foundation.framework */ = {isa = PBXFileReference; lastKnownFileType = wrapper.framework; name = Foundation.framework; path = System/Library/Frameworks/Foundation.framework; sourceTree = SDKROOT; };
		6D1CF46217D97C9600BC2760 /* CoreGraphics.framework */ = {isa = PBXFileReference; lastKnownFileType = wrapper.framework; name = CoreGraphics.framework; path = System/Library/Frameworks/CoreGraphics.framework; sourceTree = SDKROOT; };
		6D1CF46417D97C9600BC2760 /* UIKit.framework */ = {isa = PBXFileReference; lastKnownFileType = wrapper.framework; name = UIKit.framework; path = System/Library/Frameworks/UIKit.framework; sourceTree = SDKROOT; };
		6D1CF46817D97C9600BC2760 /* PerspectiveCollective-Info.plist */ = {isa = PBXFileReference; lastKnownFileType = text.plist.xml; path = "PerspectiveCollective-Info.plist"; sourceTree = "<group>"; };
		6D1CF46A17D97C9600BC2760 /* en */ = {isa = PBXFileReference; lastKnownFileType = text.plist.strings; name = en; path = en.lproj/InfoPlist.strings; sourceTree = "<group>"; };
		6D1CF46C17D97C9600BC2760 /* main.m */ = {isa = PBXFileReference; lastKnownFileType = sourcecode.c.objc; path = main.m; sourceTree = "<group>"; };
		6D1CF46E17D97C9600BC2760 /* PerspectiveCollective-Prefix.pch */ = {isa = PBXFileReference; lastKnownFileType = sourcecode.c.h; path = "PerspectiveCollective-Prefix.pch"; sourceTree = "<group>"; };
		6D1CF46F17D97C9600BC2760 /* AppDelegate.h */ = {isa = PBXFileReference; lastKnownFileType = sourcecode.c.h; path = AppDelegate.h; sourceTree = "<group>"; };
		6D1CF47017D97C9600BC2760 /* AppDelegate.m */ = {isa = PBXFileReference; lastKnownFileType = sourcecode.c.objc; path = AppDelegate.m; sourceTree = "<group>"; };
		6D1CF47317D97C9600BC2760 /* Base */ = {isa = PBXFileReference; lastKnownFileType = file.storyboard; name = Base; path = Base.lproj/Main.storyboard; sourceTree = "<group>"; };
		6D1CF47517D97C9600BC2760 /* ViewController.h */ = {isa = PBXFileReference; lastKnownFileType = sourcecode.c.h; path = ViewController.h; sourceTree = "<group>"; };
		6D1CF47617D97C9600BC2760 /* ViewController.m */ = {isa = PBXFileReference; lastKnownFileType = sourcecode.c.objc; path = ViewController.m; sourceTree = "<group>"; };
		6D1CF47817D97C9600BC2760 /* Images.xcassets */ = {isa = PBXFileReference; lastKnownFileType = folder.assetcatalog; path = Images.xcassets; sourceTree = "<group>"; };
		6D1CF47E17D97C9600BC2760 /* PerspectiveCollectiveTests.xctest */ = {isa = PBXFileReference; explicitFileType = wrapper.cfbundle; includeInIndex = 0; path = PerspectiveCollectiveTests.xctest; sourceTree = BUILT_PRODUCTS_DIR; };
		6D1CF47F17D97C9600BC2760 /* XCTest.framework */ = {isa = PBXFileReference; lastKnownFileType = wrapper.framework; name = XCTest.framework; path = Library/Frameworks/XCTest.framework; sourceTree = DEVELOPER_DIR; };
		6D1CF48717D97C9600BC2760 /* PerspectiveCollectiveTests-Info.plist */ = {isa = PBXFileReference; lastKnownFileType = text.plist.xml; path = "PerspectiveCollectiveTests-Info.plist"; sourceTree = "<group>"; };
		6D1CF48917D97C9600BC2760 /* en */ = {isa = PBXFileReference; lastKnownFileType = text.plist.strings; name = en; path = en.lproj/InfoPlist.strings; sourceTree = "<group>"; };
		6D1CF48B17D97C9600BC2760 /* PerspectiveCollectiveTests.m */ = {isa = PBXFileReference; lastKnownFileType = sourcecode.c.objc; path = PerspectiveCollectiveTests.m; sourceTree = "<group>"; };
/* End PBXFileReference section */

/* Begin PBXFrameworksBuildPhase section */
		6D1CF45A17D97C9600BC2760 /* Frameworks */ = {
			isa = PBXFrameworksBuildPhase;
			buildActionMask = 2147483647;
			files = (
				6D1CF46317D97C9600BC2760 /* CoreGraphics.framework in Frameworks */,
				6D1CF46517D97C9600BC2760 /* UIKit.framework in Frameworks */,
				6D1CF46117D97C9600BC2760 /* Foundation.framework in Frameworks */,
			);
			runOnlyForDeploymentPostprocessing = 0;
		};
		6D1CF47B17D97C9600BC2760 /* Frameworks */ = {
			isa = PBXFrameworksBuildPhase;
			buildActionMask = 2147483647;
			files = (
				6D1CF48017D97C9600BC2760 /* XCTest.framework in Frameworks */,
				6D1CF48217D97C9600BC2760 /* UIKit.framework in Frameworks */,
				6D1CF48117D97C9600BC2760 /* Foundation.framework in Frameworks */,
			);
			runOnlyForDeploymentPostprocessing = 0;
		};
/* End PBXFrameworksBuildPhase section */

/* Begin PBXGroup section */
		6D1CF45417D97C9500BC2760 = {
			isa = PBXGroup;
			children = (
				6D1CF46617D97C9600BC2760 /* PerspectiveCollective */,
				6D1CF48517D97C9600BC2760 /* PerspectiveCollectiveTests */,
				6D1CF45F17D97C9600BC2760 /* Frameworks */,
				6D1CF45E17D97C9600BC2760 /* Products */,
			);
			sourceTree = "<group>";
		};
		6D1CF45E17D97C9600BC2760 /* Products */ = {
			isa = PBXGroup;
			children = (
				6D1CF45D17D97C9600BC2760 /* PerspectiveCollective.app */,
				6D1CF47E17D97C9600BC2760 /* PerspectiveCollectiveTests.xctest */,
			);
			name = Products;
			sourceTree = "<group>";
		};
		6D1CF45F17D97C9600BC2760 /* Frameworks */ = {
			isa = PBXGroup;
			children = (
				6D1CF46017D97C9600BC2760 /* Foundation.framework */,
				6D1CF46217D97C9600BC2760 /* CoreGraphics.framework */,
				6D1CF46417D97C9600BC2760 /* UIKit.framework */,
				6D1CF47F17D97C9600BC2760 /* XCTest.framework */,
			);
			name = Frameworks;
			sourceTree = "<group>";
		};
		6D1CF46617D97C9600BC2760 /* PerspectiveCollective */ = {
			isa = PBXGroup;
			children = (
				6D1CF46F17D97C9600BC2760 /* AppDelegate.h */,
				6D1CF47017D97C9600BC2760 /* AppDelegate.m */,
				6D1CF47217D97C9600BC2760 /* Main.storyboard */,
				6D1CF47517D97C9600BC2760 /* ViewController.h */,
				6D1CF47617D97C9600BC2760 /* ViewController.m */,
				6D1CF47817D97C9600BC2760 /* Images.xcassets */,
				6D1CF46717D97C9600BC2760 /* Supporting Files */,
			);
			path = PerspectiveCollective;
			sourceTree = "<group>";
		};
		6D1CF46717D97C9600BC2760 /* Supporting Files */ = {
			isa = PBXGroup;
			children = (
				6D1CF46817D97C9600BC2760 /* PerspectiveCollective-Info.plist */,
				6D1CF46917D97C9600BC2760 /* InfoPlist.strings */,
				6D1CF46C17D97C9600BC2760 /* main.m */,
				6D1CF46E17D97C9600BC2760 /* PerspectiveCollective-Prefix.pch */,
			);
			name = "Supporting Files";
			sourceTree = "<group>";
		};
		6D1CF48517D97C9600BC2760 /* PerspectiveCollectiveTests */ = {
			isa = PBXGroup;
			children = (
				6D1CF48B17D97C9600BC2760 /* PerspectiveCollectiveTests.m */,
				6D1CF48617D97C9600BC2760 /* Supporting Files */,
			);
			path = PerspectiveCollectiveTests;
			sourceTree = "<group>";
		};
		6D1CF48617D97C9600BC2760 /* Supporting Files */ = {
			isa = PBXGroup;
			children = (
				6D1CF48717D97C9600BC2760 /* PerspectiveCollectiveTests-Info.plist */,
				6D1CF48817D97C9600BC2760 /* InfoPlist.strings */,
			);
			name = "Supporting Files";
			sourceTree = "<group>";
		};
/* End PBXGroup section */

/* Begin PBXNativeTarget section */
		6D1CF45C17D97C9600BC2760 /* PerspectiveCollective */ = {
			isa = PBXNativeTarget;
			buildConfigurationList = 6D1CF48F17D97C9600BC2760 /* Build configuration list for PBXNativeTarget "PerspectiveCollective" */;
			buildPhases = (
				6D1CF45917D97C9600BC2760 /* Sources */,
				6D1CF45A17D97C9600BC2760 /* Frameworks */,
				6D1CF45B17D97C9600BC2760 /* Resources */,
			);
			buildRules = (
			);
			dependencies = (
			);
			name = PerspectiveCollective;
			productName = PerspectiveCollective;
			productReference = 6D1CF45D17D97C9600BC2760 /* PerspectiveCollective.app */;
			productType = "com.apple.product-type.application";
		};
		6D1CF47D17D97C9600BC2760 /* PerspectiveCollectiveTests */ = {
			isa = PBXNativeTarget;
			buildConfigurationList = 6D1CF49217D97C9600BC2760 /* Build configuration list for PBXNativeTarget "PerspectiveCollectiveTests" */;
			buildPhases = (
				6D1CF47A17D97C9600BC2760 /* Sources */,
				6D1CF47B17D97C9600BC2760 /* Frameworks */,
				6D1CF47C17D97C9600BC2760 /* Resources */,
			);
			buildRules = (
			);
			dependencies = (
				6D1CF48417D97C9600BC2760 /* PBXTargetDependency */,
			);
			name = PerspectiveCollectiveTests;
			productName = PerspectiveCollectiveTests;
			productReference = 6D1CF47E17D97C9600BC2760 /* PerspectiveCollectiveTests.xctest */;
			productType = "com.apple.product-type.bundle.unit-test";
		};
/* End PBXNativeTarget section */

/* Begin PBXProject section */
		6D1CF45517D97C9500BC2760 /* Project object */ = {
			isa = PBXProject;
			attributes = {
				LastUpgradeCheck = 0500;
				ORGANIZATIONNAME = "Alaric Cole";
				TargetAttributes = {
					6D1CF47D17D97C9600BC2760 = {
						TestTargetID = 6D1CF45C17D97C9600BC2760;
					};
				};
			};
			buildConfigurationList = 6D1CF45817D97C9500BC2760 /* Build configuration list for PBXProject "PerspectiveCollective" */;
			compatibilityVersion = "Xcode 3.2";
			developmentRegion = English;
			hasScannedForEncodings = 0;
			knownRegions = (
				en,
				Base,
			);
			mainGroup = 6D1CF45417D97C9500BC2760;
			productRefGroup = 6D1CF45E17D97C9600BC2760 /* Products */;
			projectDirPath = "";
			projectRoot = "";
			targets = (
				6D1CF45C17D97C9600BC2760 /* PerspectiveCollective */,
				6D1CF47D17D97C9600BC2760 /* PerspectiveCollectiveTests */,
			);
		};
/* End PBXProject section */

/* Begin PBXResourcesBuildPhase section */
		6D1CF45B17D97C9600BC2760 /* Resources */ = {
			isa = PBXResourcesBuildPhase;
			buildActionMask = 2147483647;
			files = (
				6D1CF47917D97C9600BC2760 /* Images.xcassets in Resources */,
				6D1CF46B17D97C9600BC2760 /* InfoPlist.strings in Resources */,
				6D1CF47417D97C9600BC2760 /* Main.storyboard in Resources */,
			);
			runOnlyForDeploymentPostprocessing = 0;
		};
		6D1CF47C17D97C9600BC2760 /* Resources */ = {
			isa = PBXResourcesBuildPhase;
			buildActionMask = 2147483647;
			files = (
				6D1CF48A17D97C9600BC2760 /* InfoPlist.strings in Resources */,
			);
			runOnlyForDeploymentPostprocessing = 0;
		};
/* End PBXResourcesBuildPhase section */

/* Begin PBXSourcesBuildPhase section */
		6D1CF45917D97C9600BC2760 /* Sources */ = {
			isa = PBXSourcesBuildPhase;
			buildActionMask = 2147483647;
			files = (
				6D1CF47717D97C9600BC2760 /* ViewController.m in Sources */,
				6D1CF47117D97C9600BC2760 /* AppDelegate.m in Sources */,
				6D1CF46D17D97C9600BC2760 /* main.m in Sources */,
			);
			runOnlyForDeploymentPostprocessing = 0;
		};
		6D1CF47A17D97C9600BC2760 /* Sources */ = {
			isa = PBXSourcesBuildPhase;
			buildActionMask = 2147483647;
			files = (
				6D1CF48C17D97C9600BC2760 /* PerspectiveCollectiveTests.m in Sources */,
			);
			runOnlyForDeploymentPostprocessing = 0;
		};
/* End PBXSourcesBuildPhase section */

/* Begin PBXTargetDependency section */
		6D1CF48417D97C9600BC2760 /* PBXTargetDependency */ = {
			isa = PBXTargetDependency;
			target = 6D1CF45C17D97C9600BC2760 /* PerspectiveCollective */;
			targetProxy = 6D1CF48317D97C9600BC2760 /* PBXContainerItemProxy */;
		};
/* End PBXTargetDependency section */

/* Begin PBXVariantGroup section */
		6D1CF46917D97C9600BC2760 /* InfoPlist.strings */ = {
			isa = PBXVariantGroup;
			children = (
				6D1CF46A17D97C9600BC2760 /* en */,
			);
			name = InfoPlist.strings;
			sourceTree = "<group>";
		};
		6D1CF47217D97C9600BC2760 /* Main.storyboard */ = {
			isa = PBXVariantGroup;
			children = (
				6D1CF47317D97C9600BC2760 /* Base */,
			);
			name = Main.storyboard;
			sourceTree = "<group>";
		};
		6D1CF48817D97C9600BC2760 /* InfoPlist.strings */ = {
			isa = PBXVariantGroup;
			children = (
				6D1CF48917D97C9600BC2760 /* en */,
			);
			name = InfoPlist.strings;
			sourceTree = "<group>";
		};
/* End PBXVariantGroup section */

/* Begin XCBuildConfiguration section */
		6D1CF48D17D97C9600BC2760 /* Debug */ = {
			isa = XCBuildConfiguration;
			buildSettings = {
				ALWAYS_SEARCH_USER_PATHS = NO;
				CLANG_CXX_LANGUAGE_STANDARD = "gnu++0x";
				CLANG_CXX_LIBRARY = "libc++";
				CLANG_ENABLE_MODULES = YES;
				CLANG_ENABLE_OBJC_ARC = YES;
				CLANG_WARN_BOOL_CONVERSION = YES;
				CLANG_WARN_CONSTANT_CONVERSION = YES;
				CLANG_WARN_DIRECT_OBJC_ISA_USAGE = YES_ERROR;
				CLANG_WARN_EMPTY_BODY = YES;
				CLANG_WARN_ENUM_CONVERSION = YES;
				CLANG_WARN_INT_CONVERSION = YES;
				CLANG_WARN_OBJC_ROOT_CLASS = YES_ERROR;
				CLANG_WARN__DUPLICATE_METHOD_MATCH = YES;
				"CODE_SIGN_IDENTITY[sdk=iphoneos*]" = "iPhone Developer";
				COPY_PHASE_STRIP = NO;
				GCC_C_LANGUAGE_STANDARD = gnu99;
				GCC_DYNAMIC_NO_PIC = NO;
				GCC_OPTIMIZATION_LEVEL = 0;
				GCC_PREPROCESSOR_DEFINITIONS = (
					"DEBUG=1",
					"$(inherited)",
				);
				GCC_SYMBOLS_PRIVATE_EXTERN = NO;
				GCC_WARN_ABOUT_RETURN_TYPE = YES_ERROR;
				GCC_WARN_UNDECLARED_SELECTOR = YES;
				GCC_WARN_UNINITIALIZED_AUTOS = YES;
				GCC_WARN_UNUSED_FUNCTION = YES;
				GCC_WARN_UNUSED_VARIABLE = YES;
				IPHONEOS_DEPLOYMENT_TARGET = 7.0;
				ONLY_ACTIVE_ARCH = YES;
				SDKROOT = iphoneos;
			};
			name = Debug;
		};
		6D1CF48E17D97C9600BC2760 /* Release */ = {
			isa = XCBuildConfiguration;
			buildSettings = {
				ALWAYS_SEARCH_USER_PATHS = NO;
				CLANG_CXX_LANGUAGE_STANDARD = "gnu++0x";
				CLANG_CXX_LIBRARY = "libc++";
				CLANG_ENABLE_MODULES = YES;
				CLANG_ENABLE_OBJC_ARC = YES;
				CLANG_WARN_BOOL_CONVERSION = YES;
				CLANG_WARN_CONSTANT_CONVERSION = YES;
				CLANG_WARN_DIRECT_OBJC_ISA_USAGE = YES_ERROR;
				CLANG_WARN_EMPTY_BODY = YES;
				CLANG_WARN_ENUM_CONVERSION = YES;
				CLANG_WARN_INT_CONVERSION = YES;
				CLANG_WARN_OBJC_ROOT_CLASS = YES_ERROR;
				CLANG_WARN__DUPLICATE_METHOD_MATCH = YES;
				"CODE_SIGN_IDENTITY[sdk=iphoneos*]" = "iPhone Developer";
				COPY_PHASE_STRIP = YES;
				ENABLE_NS_ASSERTIONS = NO;
				GCC_C_LANGUAGE_STANDARD = gnu99;
				GCC_WARN_ABOUT_RETURN_TYPE = YES_ERROR;
				GCC_WARN_UNDECLARED_SELECTOR = YES;
				GCC_WARN_UNINITIALIZED_AUTOS = YES;
				GCC_WARN_UNUSED_FUNCTION = YES;
				GCC_WARN_UNUSED_VARIABLE = YES;
				IPHONEOS_DEPLOYMENT_TARGET = 7.0;
				SDKROOT = iphoneos;
				VALIDATE_PRODUCT = YES;
			};
			name = Release;
		};
		6D1CF49017D97C9600BC2760 /* Debug */ = {
			isa = XCBuildConfiguration;
			buildSettings = {
				ASSETCATALOG_COMPILER_APPICON_NAME = AppIcon;
				ASSETCATALOG_COMPILER_LAUNCHIMAGE_NAME = LaunchImage;
				GCC_PRECOMPILE_PREFIX_HEADER = YES;
				GCC_PREFIX_HEADER = "PerspectiveCollective/PerspectiveCollective-Prefix.pch";
				INFOPLIST_FILE = "PerspectiveCollective/PerspectiveCollective-Info.plist";
				PRODUCT_NAME = "$(TARGET_NAME)";
				WRAPPER_EXTENSION = app;
			};
			name = Debug;
		};
		6D1CF49117D97C9600BC2760 /* Release */ = {
			isa = XCBuildConfiguration;
			buildSettings = {
				ASSETCATALOG_COMPILER_APPICON_NAME = AppIcon;
				ASSETCATALOG_COMPILER_LAUNCHIMAGE_NAME = LaunchImage;
				GCC_PRECOMPILE_PREFIX_HEADER = YES;
				GCC_PREFIX_HEADER = "PerspectiveCollective/PerspectiveCollective-Prefix.pch";
				INFOPLIST_FILE = "PerspectiveCollective/PerspectiveCollective-Info.plist";
				PRODUCT_NAME = "$(TARGET_NAME)";
				WRAPPER_EXTENSION = app;
			};
			name = Release;
		};
		6D1CF49317D97C9600BC2760 /* Debug */ = {
			isa = XCBuildConfiguration;
			buildSettings = {
				BUNDLE_LOADER = "$(BUILT_PRODUCTS_DIR)/PerspectiveCollective.app/PerspectiveCollective";
				FRAMEWORK_SEARCH_PATHS = (
					"$(SDKROOT)/Developer/Library/Frameworks",
					"$(inherited)",
					"$(DEVELOPER_FRAMEWORKS_DIR)",
				);
				GCC_PRECOMPILE_PREFIX_HEADER = YES;
				GCC_PREFIX_HEADER = "PerspectiveCollective/PerspectiveCollective-Prefix.pch";
				GCC_PREPROCESSOR_DEFINITIONS = (
					"DEBUG=1",
					"$(inherited)",
				);
				INFOPLIST_FILE = "PerspectiveCollectiveTests/PerspectiveCollectiveTests-Info.plist";
				PRODUCT_NAME = "$(TARGET_NAME)";
				TEST_HOST = "$(BUNDLE_LOADER)";
				WRAPPER_EXTENSION = xctest;
			};
			name = Debug;
		};
		6D1CF49417D97C9600BC2760 /* Release */ = {
			isa = XCBuildConfiguration;
			buildSettings = {
				BUNDLE_LOADER = "$(BUILT_PRODUCTS_DIR)/PerspectiveCollective.app/PerspectiveCollective";
				FRAMEWORK_SEARCH_PATHS = (
					"$(SDKROOT)/Developer/Library/Frameworks",
					"$(inherited)",
					"$(DEVELOPER_FRAMEWORKS_DIR)",
				);
				GCC_PRECOMPILE_PREFIX_HEADER = YES;
				GCC_PREFIX_HEADER = "PerspectiveCollective/PerspectiveCollective-Prefix.pch";
				INFOPLIST_FILE = "PerspectiveCollectiveTests/PerspectiveCollectiveTests-Info.plist";
				PRODUCT_NAME = "$(TARGET_NAME)";
				TEST_HOST = "$(BUNDLE_LOADER)";
				WRAPPER_EXTENSION = xctest;
			};
			name = Release;
		};
/* End XCBuildConfiguration section */

/* Begin XCConfigurationList section */
		6D1CF45817D97C9500BC2760 /* Build configuration list for PBXProject "PerspectiveCollective" */ = {
			isa = XCConfigurationList;
			buildConfigurations = (
				6D1CF48D17D97C9600BC2760 /* Debug */,
				6D1CF48E17D97C9600BC2760 /* Release */,
			);
			defaultConfigurationIsVisible = 0;
			defaultConfigurationName = Release;
		};
		6D1CF48F17D97C9600BC2760 /* Build configuration list for PBXNativeTarget "PerspectiveCollective" */ = {
			isa = XCConfigurationList;
			buildConfigurations = (
				6D1CF49017D97C9600BC2760 /* Debug */,
				6D1CF49117D97C9600BC2760 /* Release */,
			);
			defaultConfigurationIsVisible = 0;
		};
		6D1CF49217D97C9600BC2760 /* Build configuration list for PBXNativeTarget "PerspectiveCollectiveTests" */ = {
			isa = XCConfigurationList;
			buildConfigurations = (
				6D1CF49317D97C9600BC2760 /* Debug */,
				6D1CF49417D97C9600BC2760 /* Release */,
			);
			defaultConfigurationIsVisible = 0;
		};
/* End XCConfigurationList section */
	};
	rootObject = 6D1CF45517D97C9500BC2760 /* Project object */;
}
